<?xml version="1.0" encoding="utf-8"?>
<Project ToolsVersion="4.0" xmlns="http://schemas.microsoft.com/developer/msbuild/2003">
  <ItemGroup>
    <Filter Include="Source Files">
      <UniqueIdentifier>{4FC737F1-C7A5-4376-A066-2A32D752A2FF}</UniqueIdentifier>
      <Extensions>cpp;c;cc;cxx;def;odl;idl;hpj;bat;asm;asmx</Extensions>
    </Filter>
    <Filter Include="Header Files">
      <UniqueIdentifier>{93995380-89BD-4b04-88EB-625FBE52EBFB}</UniqueIdentifier>
      <Extensions>h;hpp;hxx;hm;inl;inc;xsd</Extensions>
    </Filter>
    <Filter Include="Resource Files">
      <UniqueIdentifier>{67DA6AB6-F800-4c08-8B7A-83BB121AAD01}</UniqueIdentifier>
      <Extensions>rc;ico;cur;bmp;dlg;rc2;rct;bin;rgs;gif;jpg;jpeg;jpe;resx;tiff;tif;png;wav</Extensions>
    </Filter>
  </ItemGroup>
  <ItemGroup>
    <ClCompile Include="source\Block.cpp">
      <Filter>Source Files</Filter>
    </ClCompile>
    <ClCompile Include="source\Game.cpp">
      <Filter>Source Files</Filter>
    </ClCompile>
    <ClCompile Include="source\IPiece.cpp">
      <Filter>Source Files</Filter>
    </ClCompile>
    <ClCompile Include="source\JPiece.cpp">
      <Filter>Source Files</Filter>
    </ClCompile>
    <ClCompile Include="source\LPiece.cpp">
      <Filter>Source Files</Filter>
    </ClCompile>
    <ClCompile Include="source\main.cpp">
      <Filter>Source Files</Filter>
    </ClCompile>
    <ClCompile Include="source\Map.cpp">
      <Filter>Source Files</Filter>
    </ClCompile>
    <ClCompile Include="source\OPiece.cpp">
      <Filter>Source Files</Filter>
    </ClCompile>
    <ClCompile Include="source\ParticleSystem.cpp">
      <Filter>Source Files</Filter>
    </ClCompile>
    <ClCompile Include="source\PieceBuilder.cpp">
      <Filter>Source Files</Filter>
    </ClCompile>
    <ClCompile Include="source\SPiece.cpp">
      <Filter>Source Files</Filter>
    </ClCompile>
    <ClCompile Include="source\TetisPiece.cpp">
      <Filter>Source Files</Filter>
    </ClCompile>
    <ClCompile Include="source\TPiece.cpp">
      <Filter>Source Files</Filter>
    </ClCompile>
    <ClCompile Include="source\ZPiece.cpp">
      <Filter>Source Files</Filter>
    </ClCompile>
  </ItemGroup>
  <ItemGroup>
    <ClInclude Include="header\Block.h">
      <Filter>Header Files</Filter>
    </ClInclude>
    <ClInclude Include="header\Game.h">
      <Filter>Header Files</Filter>
    </ClInclude>
    <ClInclude Include="header\IPiece.h">
      <Filter>Header Files</Filter>
    </ClInclude>
    <ClInclude Include="header\JPiece.h">
      <Filter>Header Files</Filter>
    </ClInclude>
    <ClInclude Include="header\List.h">
      <Filter>Header Files</Filter>
    </ClInclude>
    <ClInclude Include="header\LPiece.h">
      <Filter>Header Files</Filter>
    </ClInclude>
    <ClInclude Include="header\Map.h">
      <Filter>Header Files</Filter>
    </ClInclude>
    <ClInclude Include="header\Node.h">
      <Filter>Header Files</Filter>
    </ClInclude>
    <ClInclude Include="header\OPiece.h">
      <Filter>Header Files</Filter>
    </ClInclude>
    <ClInclude Include="header\ParticleSystem.h">
      <Filter>Header Files</Filter>
    </ClInclude>
    <ClInclude Include="header\PieceBuilder.h">
      <Filter>Header Files</Filter>
    </ClInclude>
    <ClInclude Include="header\SPiece.h">
      <Filter>Header Files</Filter>
    </ClInclude>
    <ClInclude Include="header\TetrisPiece.h">
      <Filter>Header Files</Filter>
    </ClInclude>
    <ClInclude Include="header\TPiece.h">
      <Filter>Header Files</Filter>
    </ClInclude>
    <ClInclude Include="header\ZPiece.h">
      <Filter>Header Files</Filter>
    </ClInclude>
  </ItemGroup>
  <ItemGroup>
    <Image Include="gfx\cyan.png">
      <Filter>Resource Files</Filter>
    </Image>
    <Image Include="gfx\tile.png">
      <Filter>Resource Files</Filter>
    </Image>
  </ItemGroup>
</Project>